github.com/go-zookeeper/zk v1.0.4 h1:DPzxraQx7OrPyXq2phlGlNSIyWEsAox0RJmjTseMV6I=
github.com/go-zookeeper/zk v1.0.4/go.mod h1:nOB03cncLtlp4t+UAkGSV+9beXP/akpekBwL+UX1Qcw=
github.com/gorilla/mux v1.8.1 h1:TuBL49tXwgrFYWhqrNgrUNEY92u81SPhu7sTdzQEiWY=
github.com/gorilla/mux v1.8.1/go.mod h1:AKf9I4AEqPTmMytcMc0KkNouC66V3BtZ4qD5fmWSiMQ=
